
Microsoft Visual Studio Solution File, Format Version 12.00
# Visual Studio Version 17
VisualStudioVersion = 17.11.35312.102
MinimumVisualStudioVersion = 10.0.40219.1
Project("{FAE04EC0-301F-11D3-BF4B-00C04F79EFBC}") = "ITShop", "ITShop\ITShop.csproj", "{B3B4049E-1203-4AC1-96EC-01352E4F322B}"
EndProject
Global
	GlobalSection(SolutionConfigurationPlatforms) = preSolution
		Debug|Any CPU = Debug|Any CPU
		Release|Any CPU = Release|Any CPU
	EndGlobalSection
	GlobalSection(ProjectConfigurationPlatforms) = postSolution
		{B3B4049E-1203-4AC1-96EC-01352E4F322B}.Debug|Any CPU.ActiveCfg = Debug|Any CPU
		{B3B4049E-1203-4AC1-96EC-01352E4F322B}.Debug|Any CPU.Build.0 = Debug|Any CPU
		{B3B4049E-1203-4AC1-96EC-01352E4F322B}.Release|Any CPU.ActiveCfg = Release|Any CPU
		{B3B4049E-1203-4AC1-96EC-01352E4F322B}.Release|Any CPU.Build.0 = Release|Any CPU
	EndGlobalSection
	GlobalSection(SolutionProperties) = preSolution
		HideSolutionNode = FALSE
	EndGlobalSection
	GlobalSection(ExtensibilityGlobals) = postSolution
		SolutionGuid = {FDBFB72B-2C86-456C-8300-925E7898638F}
	EndGlobalSection
EndGlobal
